github.com/puppetlabs/go-evaluator v0.0.0-20181102075031-eeea99e91789 h1:AZgNwrR2HjVqtsDcszGx6yFFryLHcF3hcILOcZAtxgM=
github.com/puppetlabs/go-evaluator v0.0.0-20181102075031-eeea99e91789/go.mod h1:YLIO+H9GzHTOHjwKAjIDLT0HjDfNWvJNMcyc1Sb5NDk=
github.com/puppetlabs/go-issues v0.0.0-20180730111409-3a97bc5f918b h1:Wshx6VUHvrHAe+i3++1sktvzJQZc+hFKKb+pWirKepE=
github.com/puppetlabs/go-issues v0.0.0-20180730111409-3a97bc5f918b/go.mod h1:UNpBgsvFV8ZBoNkXo2YOrkWHA4sXoBmrDGw572x257U=
github.com/puppetlabs/go-pspec v0.0.0-20180711073525-2da029acceaf h1:x+JjKVesa2refR8rzV2m/pACScRevFqDN/SLUp+SvC0=
github.com/puppetlabs/go-pspec v0.0.0-20180711073525-2da029acceaf/go.mod h1:ZL7pKW5w82iTlOF1frbx9iRG2fmqHFOvNk7KkxF6DwQ=
github.com/puppetlabs/go-semver v0.0.0-20180515212511-989ec48625a8 h1:eBFwIOF2Uhv06oScZcDnac7dc1tmtj/pFhCNrDPWFZQ=
github.com/puppetlabs/go-semver v0.0.0-20180515212511-989ec48625a8/go.mod h1:mHMsrjAtYQ5mBpZ5z4RMRRkVzErA4fnTdrV/QH8UPdQ=
golang.org/x/exp v0.0.0-20180321215751-8460e604b9de h1:xSjD6HQTqT0H/k60N5yYBtnN1OEkVy7WIo/DYyxKRO0=
golang.org/x/exp v0.0.0-20180321215751-8460e604b9de/go.mod h1:CJ0aWSM057203Lf6IL+f9T1iT9GByDxfZKAQTCR3kQA=
golang.org/x/tools v0.0.0-20180525024113-a5b4c53f6e8b/go.mod h1:n7NCudcB/nEzxVGmLbDWY5pfWTLqBcC2KZ6jyYvM4mQ=
gonum.org/v1/gonum v0.0.0-20181106105144-6439751d3175 h1:Hx3PbcYkQX1G1xglwPhGZxee1r+55vA9UBBKB/xo7xE=
gonum.org/v1/gonum v0.0.0-20181106105144-6439751d3175/go.mod h1:Y+Yx5eoAFn32cQvJDxZx5Dpnq+c3wtXuadVZAcxbbBo=
gonum.org/v1/netlib v0.0.0-20181029234149-ec6d1f5cefe6 h1:4WsZyVtkthqrHTbDCJfiTs8IWNYE4uvsSDgaV6xpp+o=
gonum.org/v1/netlib v0.0.0-20181029234149-ec6d1f5cefe6/go.mod h1:wa6Ws7BG/ESfp6dHfk7C6KdzKA7wR7u/rKwOGE66zvw=
gopkg.in/check.v1 v0.0.0-20161208181325-20d25e280405 h1:yhCVgyC4o1eVCa2tZl7eS0r+SDo693bJlVdllGtEeKM=
gopkg.in/check.v1 v0.0.0-20161208181325-20d25e280405/go.mod h1:Co6ibVJAznAaIkqp8huTwlJQCZ016jof/cbN4VW5Yz0=
gopkg.in/yaml.v2 v2.2.1 h1:mUhvW9EsL+naU5Q3cakzfE91YhliOondGd6ZrsDBHQE=
gopkg.in/yaml.v2 v2.2.1/go.mod h1:hI93XBmqTisBFMUTm0b8Fm+jr3Dg1NNxqwp+5A1VGuI=
